
Microsoft Visual Studio Solution File, Format Version 12.00
# Visual Studio Version 16
VisualStudioVersion = 16.0.28729.10
MinimumVisualStudioVersion = 10.0.40219.1
Project("{FAE04EC0-301F-11D3-BF4B-00C04F79EFBC}") = "Linked List", "Linked List\Linked List.csproj", "{EF1568F5-7DF4-4BC5-9F91-46C21ABA4265}"
EndProject
Global
	GlobalSection(SolutionConfigurationPlatforms) = preSolution
		Debug|Any CPU = Debug|Any CPU
		Release|Any CPU = Release|Any CPU
	EndGlobalSection
	GlobalSection(ProjectConfigurationPlatforms) = postSolution
		{EF1568F5-7DF4-4BC5-9F91-46C21ABA4265}.Debug|Any CPU.ActiveCfg = Debug|Any CPU
		{EF1568F5-7DF4-4BC5-9F91-46C21ABA4265}.Debug|Any CPU.Build.0 = Debug|Any CPU
		{EF1568F5-7DF4-4BC5-9F91-46C21ABA4265}.Release|Any CPU.ActiveCfg = Release|Any CPU
		{EF1568F5-7DF4-4BC5-9F91-46C21ABA4265}.Release|Any CPU.Build.0 = Release|Any CPU
	EndGlobalSection
	GlobalSection(SolutionProperties) = preSolution
		HideSolutionNode = FALSE
	EndGlobalSection
	GlobalSection(ExtensibilityGlobals) = postSolution
		SolutionGuid = {29D27FC4-93EE-436B-8178-5FDCA302AEA6}
	EndGlobalSection
EndGlobal
